
Microsoft Visual Studio Solution File, Format Version 12.00
# Visual Studio Version 17
VisualStudioVersion = 17.5.33516.290
MinimumVisualStudioVersion = 10.0.40219.1
Project("{FAE04EC0-301F-11D3-BF4B-00C04F79EFBC}") = "WindowsFormsApp1", "WindowsFormsApp1.csproj", "{57542E82-4012-4900-9834-826BEA214E19}"
EndProject
Global
	GlobalSection(SolutionConfigurationPlatforms) = preSolution
		Debug|Any CPU = Debug|Any CPU
		Release|Any CPU = Release|Any CPU
	EndGlobalSection
	GlobalSection(ProjectConfigurationPlatforms) = postSolution
		{57542E82-4012-4900-9834-826BEA214E19}.Debug|Any CPU.ActiveCfg = Debug|Any CPU
		{57542E82-4012-4900-9834-826BEA214E19}.Debug|Any CPU.Build.0 = Debug|Any CPU
		{57542E82-4012-4900-9834-826BEA214E19}.Release|Any CPU.ActiveCfg = Release|Any CPU
		{57542E82-4012-4900-9834-826BEA214E19}.Release|Any CPU.Build.0 = Release|Any CPU
	EndGlobalSection
	GlobalSection(SolutionProperties) = preSolution
		HideSolutionNode = FALSE
	EndGlobalSection
	GlobalSection(ExtensibilityGlobals) = postSolution
		SolutionGuid = {771C7981-3D0A-439E-95C9-85E642B2FF00}
	EndGlobalSection
EndGlobal
